// !$*UTF8*$!
{
	archiveVersion = 1;
	classes = {
	};
	objectVersion = 46;
	objects = {

/* Begin PBXBuildFile section */
		776BA29B1C56AE2C00AB2995 /* CreditApplicationPending.xib in Resources */ = {isa = PBXBuildFile; fileRef = 776BA29A1C56AE2C00AB2995 /* CreditApplicationPending.xib */; };
		776BA29D1C56AE4C00AB2995 /* CreditApplicationDelivered.xib in Resources */ = {isa = PBXBuildFile; fileRef = 776BA29C1C56AE4C00AB2995 /* CreditApplicationDelivered.xib */; };
		776BA29F1C56AE6A00AB2995 /* CreditApplicationApproved.xib in Resources */ = {isa = PBXBuildFile; fileRef = 776BA29E1C56AE6A00AB2995 /* CreditApplicationApproved.xib */; };
		776BA2A11C56AEB100AB2995 /* CreditApplicationLive.xib in Resources */ = {isa = PBXBuildFile; fileRef = 776BA2A01C56AEB100AB2995 /* CreditApplicationLive.xib */; };
		776BA2A31C56AEC400AB2995 /* CreditApplicationCanceled.xib in Resources */ = {isa = PBXBuildFile; fileRef = 776BA2A21C56AEC400AB2995 /* CreditApplicationCanceled.xib */; };
		776BA2A51C56AEE800AB2995 /* CreditApplicationPending.swift in Sources */ = {isa = PBXBuildFile; fileRef = 776BA2A41C56AEE800AB2995 /* CreditApplicationPending.swift */; };
		77765E821C59560F006C4FBF /* LoadingView.xib in Resources */ = {isa = PBXBuildFile; fileRef = 77765E811C59560F006C4FBF /* LoadingView.xib */; };
		77765E841C595653006C4FBF /* LoadingViewController.swift in Sources */ = {isa = PBXBuildFile; fileRef = 77765E831C595653006C4FBF /* LoadingViewController.swift */; };
		77B9DE631C5008AB00D2F174 /* CreditApplication.swift in Sources */ = {isa = PBXBuildFile; fileRef = 77B9DE621C5008AB00D2F174 /* CreditApplication.swift */; };
		77B9DE651C50093A00D2F174 /* CreditApplicationTableViewCell.swift in Sources */ = {isa = PBXBuildFile; fileRef = 77B9DE641C50093A00D2F174 /* CreditApplicationTableViewCell.swift */; };
		77B9DE671C50194A00D2F174 /* CreditApplicationTableViewCell.xib in Resources */ = {isa = PBXBuildFile; fileRef = 77B9DE661C50194A00D2F174 /* CreditApplicationTableViewCell.xib */; };
		77CBD6181C56B62100CD377B /* CreditApplicationApproved.swift in Sources */ = {isa = PBXBuildFile; fileRef = 77CBD6171C56B62100CD377B /* CreditApplicationApproved.swift */; };
		77CBD61A1C56B7BF00CD377B /* CreditApplicationDelivered.swift in Sources */ = {isa = PBXBuildFile; fileRef = 77CBD6191C56B7BF00CD377B /* CreditApplicationDelivered.swift */; };
		77CBD61C1C56B8B200CD377B /* CreditApplicationLive.swift in Sources */ = {isa = PBXBuildFile; fileRef = 77CBD61B1C56B8B100CD377B /* CreditApplicationLive.swift */; };
		77CBD61E1C56B96300CD377B /* CreditApplicationCanceled.swift in Sources */ = {isa = PBXBuildFile; fileRef = 77CBD61D1C56B96300CD377B /* CreditApplicationCanceled.swift */; };
		77CBD6201C56CC1500CD377B /* CreditApplicationDeclined.swift in Sources */ = {isa = PBXBuildFile; fileRef = 77CBD61F1C56CC1500CD377B /* CreditApplicationDeclined.swift */; };
		77CBD6221C56CC5200CD377B /* CreditApplicationDeclined.xib in Resources */ = {isa = PBXBuildFile; fileRef = 77CBD6211C56CC5200CD377B /* CreditApplicationDeclined.xib */; };
		82B9449D1C4F39780017A60B /* AppDelegate.swift in Sources */ = {isa = PBXBuildFile; fileRef = 82B9449C1C4F39780017A60B /* AppDelegate.swift */; };
		82B944A21C4F39780017A60B /* Main.storyboard in Resources */ = {isa = PBXBuildFile; fileRef = 82B944A01C4F39780017A60B /* Main.storyboard */; };
		82B944A41C4F39780017A60B /* Assets.xcassets in Resources */ = {isa = PBXBuildFile; fileRef = 82B944A31C4F39780017A60B /* Assets.xcassets */; };
		82B944A71C4F39780017A60B /* LaunchScreen.storyboard in Resources */ = {isa = PBXBuildFile; fileRef = 82B944A51C4F39780017A60B /* LaunchScreen.storyboard */; };
		82B944B21C4F39780017A60B /* MylesTests.swift in Sources */ = {isa = PBXBuildFile; fileRef = 82B944B11C4F39780017A60B /* MylesTests.swift */; };
		82B944BD1C4F39780017A60B /* MylesUITests.swift in Sources */ = {isa = PBXBuildFile; fileRef = 82B944BC1C4F39780017A60B /* MylesUITests.swift */; };
		82C20D021C6A61AF004EC138 /* ChunkyButton.swift in Sources */ = {isa = PBXBuildFile; fileRef = 82C20D011C6A61AF004EC138 /* ChunkyButton.swift */; };
		82C20D041C6A623E004EC138 /* Colors.swift in Sources */ = {isa = PBXBuildFile; fileRef = 82C20D031C6A623E004EC138 /* Colors.swift */; };
		82C20D0D1C6A679D004EC138 /* Info.plist in Resources */ = {isa = PBXBuildFile; fileRef = 82C20D081C6A679D004EC138 /* Info.plist */; };
		82C20D0E1C6A679D004EC138 /* SimpleButton.swift in Sources */ = {isa = PBXBuildFile; fileRef = 82C20D0A1C6A679D004EC138 /* SimpleButton.swift */; };
		82C20D0F1C6A679D004EC138 /* SimpleButtonControlState.swift in Sources */ = {isa = PBXBuildFile; fileRef = 82C20D0B1C6A679D004EC138 /* SimpleButtonControlState.swift */; };
		82C20D101C6A679D004EC138 /* SimpleButtonStateChangeValue.swift in Sources */ = {isa = PBXBuildFile; fileRef = 82C20D0C1C6A679D004EC138 /* SimpleButtonStateChangeValue.swift */; };
		82D346F81C4FFCAB00253FA1 /* Bolts.framework in Frameworks */ = {isa = PBXBuildFile; fileRef = 82D346F61C4FFCAB00253FA1 /* Bolts.framework */; };
		82D346F91C4FFCAB00253FA1 /* Bolts.framework in Frameworks */ = {isa = PBXBuildFile; fileRef = 82D346F61C4FFCAB00253FA1 /* Bolts.framework */; };
		82D346FA1C4FFCAB00253FA1 /* Bolts.framework in Frameworks */ = {isa = PBXBuildFile; fileRef = 82D346F61C4FFCAB00253FA1 /* Bolts.framework */; };
		82D346FB1C4FFCAB00253FA1 /* Parse.framework in Frameworks */ = {isa = PBXBuildFile; fileRef = 82D346F71C4FFCAB00253FA1 /* Parse.framework */; };
		82D346FC1C4FFCAB00253FA1 /* Parse.framework in Frameworks */ = {isa = PBXBuildFile; fileRef = 82D346F71C4FFCAB00253FA1 /* Parse.framework */; };
		82D346FD1C4FFCAB00253FA1 /* Parse.framework in Frameworks */ = {isa = PBXBuildFile; fileRef = 82D346F71C4FFCAB00253FA1 /* Parse.framework */; };
		82D346FF1C4FFCE300253FA1 /* AudioToolbox.framework in Frameworks */ = {isa = PBXBuildFile; fileRef = 82D346FE1C4FFCE300253FA1 /* AudioToolbox.framework */; };
		82D347011C4FFCF100253FA1 /* CFNetwork.framework in Frameworks */ = {isa = PBXBuildFile; fileRef = 82D347001C4FFCF100253FA1 /* CFNetwork.framework */; };
		82D347031C4FFCF700253FA1 /* CoreGraphics.framework in Frameworks */ = {isa = PBXBuildFile; fileRef = 82D347021C4FFCF700253FA1 /* CoreGraphics.framework */; };
		82D347051C4FFCFE00253FA1 /* CoreLocation.framework in Frameworks */ = {isa = PBXBuildFile; fileRef = 82D347041C4FFCFE00253FA1 /* CoreLocation.framework */; };
		82D347071C4FFD0400253FA1 /* QuartzCore.framework in Frameworks */ = {isa = PBXBuildFile; fileRef = 82D347061C4FFD0400253FA1 /* QuartzCore.framework */; };
		82D347091C4FFD0800253FA1 /* Security.framework in Frameworks */ = {isa = PBXBuildFile; fileRef = 82D347081C4FFD0800253FA1 /* Security.framework */; };
		82D3470B1C4FFD1000253FA1 /* StoreKit.framework in Frameworks */ = {isa = PBXBuildFile; fileRef = 82D3470A1C4FFD1000253FA1 /* StoreKit.framework */; };
		82D3470D1C4FFD1800253FA1 /* SystemConfiguration.framework in Frameworks */ = {isa = PBXBuildFile; fileRef = 82D3470C1C4FFD1800253FA1 /* SystemConfiguration.framework */; };
		82D3470F1C4FFD2000253FA1 /* libz.tbd in Frameworks */ = {isa = PBXBuildFile; fileRef = 82D3470E1C4FFD2000253FA1 /* libz.tbd */; };
		82D347111C4FFD2B00253FA1 /* libsqlite3.tbd in Frameworks */ = {isa = PBXBuildFile; fileRef = 82D347101C4FFD2B00253FA1 /* libsqlite3.tbd */; };
		82D347131C50004300253FA1 /* ParseUI.framework in Frameworks */ = {isa = PBXBuildFile; fileRef = 82D347121C50004300253FA1 /* ParseUI.framework */; };
		82D347141C50004300253FA1 /* ParseUI.framework in Frameworks */ = {isa = PBXBuildFile; fileRef = 82D347121C50004300253FA1 /* ParseUI.framework */; };
		82D347151C50004300253FA1 /* ParseUI.framework in Frameworks */ = {isa = PBXBuildFile; fileRef = 82D347121C50004300253FA1 /* ParseUI.framework */; };
		82E7796D1C59453100C74C54 /* TimeAgo.swift in Sources */ = {isa = PBXBuildFile; fileRef = 82E7796C1C59453100C74C54 /* TimeAgo.swift */; };
		82F1DCBD1C50024A008C7FFB /* OffersTableViewController.swift in Sources */ = {isa = PBXBuildFile; fileRef = 82F1DCBC1C50024A008C7FFB /* OffersTableViewController.swift */; };
		82F1DCC01C5002E6008C7FFB /* Offer.swift in Sources */ = {isa = PBXBuildFile; fileRef = 82F1DCBF1C5002E6008C7FFB /* Offer.swift */; };
		82F1DCC21C5003CE008C7FFB /* OfferTableViewCell.swift in Sources */ = {isa = PBXBuildFile; fileRef = 82F1DCC11C5003CE008C7FFB /* OfferTableViewCell.swift */; };
		82F1DCC41C501532008C7FFB /* OfferTableViewCell.xib in Resources */ = {isa = PBXBuildFile; fileRef = 82F1DCC31C501532008C7FFB /* OfferTableViewCell.xib */; };
		82F1DCC81C5023A4008C7FFB /* OfferDetailView.xib in Resources */ = {isa = PBXBuildFile; fileRef = 82F1DCC71C5023A4008C7FFB /* OfferDetailView.xib */; };
		82F1DCCC1C50240F008C7FFB /* OfferDetailViewController.swift in Sources */ = {isa = PBXBuildFile; fileRef = 82F1DCCB1C50240F008C7FFB /* OfferDetailViewController.swift */; };
		82F1DCD01C505935008C7FFB /* MylesTableViewController.swift in Sources */ = {isa = PBXBuildFile; fileRef = 82F1DCCF1C505935008C7FFB /* MylesTableViewController.swift */; };
		82F1DCD21C505ABE008C7FFB /* ProfileTableViewController.swift in Sources */ = {isa = PBXBuildFile; fileRef = 82F1DCD11C505ABE008C7FFB /* ProfileTableViewController.swift */; };
		82F1DCD41C505AE2008C7FFB /* CreditApplicationsTableViewController.swift in Sources */ = {isa = PBXBuildFile; fileRef = 82F1DCD31C505AE2008C7FFB /* CreditApplicationsTableViewController.swift */; };
		82F1DCD61C505F45008C7FFB /* CreditApplicationDetailViewController.swift in Sources */ = {isa = PBXBuildFile; fileRef = 82F1DCD51C505F45008C7FFB /* CreditApplicationDetailViewController.swift */; };
		82F1DCD81C505FB7008C7FFB /* CreditApplicationDetailView.xib in Resources */ = {isa = PBXBuildFile; fileRef = 82F1DCD71C505FB7008C7FFB /* CreditApplicationDetailView.xib */; };
/* End PBXBuildFile section */

/* Begin PBXContainerItemProxy section */
		82B944AE1C4F39780017A60B /* PBXContainerItemProxy */ = {
			isa = PBXContainerItemProxy;
			containerPortal = 82B944911C4F39770017A60B /* Project object */;
			proxyType = 1;
			remoteGlobalIDString = 82B944981C4F39780017A60B;
			remoteInfo = Myles;
		};
		82B944B91C4F39780017A60B /* PBXContainerItemProxy */ = {
			isa = PBXContainerItemProxy;
			containerPortal = 82B944911C4F39770017A60B /* Project object */;
			proxyType = 1;
			remoteGlobalIDString = 82B944981C4F39780017A60B;
			remoteInfo = Myles;
		};
/* End PBXContainerItemProxy section */

/* Begin PBXFileReference section */
		776BA29A1C56AE2C00AB2995 /* CreditApplicationPending.xib */ = {isa = PBXFileReference; fileEncoding = 4; lastKnownFileType = file.xib; path = CreditApplicationPending.xib; sourceTree = "<group>"; };
		776BA29C1C56AE4C00AB2995 /* CreditApplicationDelivered.xib */ = {isa = PBXFileReference; fileEncoding = 4; lastKnownFileType = file.xib; path = CreditApplicationDelivered.xib; sourceTree = "<group>"; };
		776BA29E1C56AE6A00AB2995 /* CreditApplicationApproved.xib */ = {isa = PBXFileReference; fileEncoding = 4; lastKnownFileType = file.xib; path = CreditApplicationApproved.xib; sourceTree = "<group>"; };
		776BA2A01C56AEB100AB2995 /* CreditApplicationLive.xib */ = {isa = PBXFileReference; fileEncoding = 4; lastKnownFileType = file.xib; path = CreditApplicationLive.xib; sourceTree = "<group>"; };
		776BA2A21C56AEC400AB2995 /* CreditApplicationCanceled.xib */ = {isa = PBXFileReference; fileEncoding = 4; lastKnownFileType = file.xib; path = CreditApplicationCanceled.xib; sourceTree = "<group>"; };
		776BA2A41C56AEE800AB2995 /* CreditApplicationPending.swift */ = {isa = PBXFileReference; fileEncoding = 4; lastKnownFileType = sourcecode.swift; path = CreditApplicationPending.swift; sourceTree = "<group>"; };
		77765E811C59560F006C4FBF /* LoadingView.xib */ = {isa = PBXFileReference; fileEncoding = 4; lastKnownFileType = file.xib; path = LoadingView.xib; sourceTree = "<group>"; };
		77765E831C595653006C4FBF /* LoadingViewController.swift */ = {isa = PBXFileReference; fileEncoding = 4; lastKnownFileType = sourcecode.swift; path = LoadingViewController.swift; sourceTree = "<group>"; };
		77B9DE621C5008AB00D2F174 /* CreditApplication.swift */ = {isa = PBXFileReference; fileEncoding = 4; lastKnownFileType = sourcecode.swift; path = CreditApplication.swift; sourceTree = "<group>"; };
		77B9DE641C50093A00D2F174 /* CreditApplicationTableViewCell.swift */ = {isa = PBXFileReference; fileEncoding = 4; lastKnownFileType = sourcecode.swift; path = CreditApplicationTableViewCell.swift; sourceTree = "<group>"; };
		77B9DE661C50194A00D2F174 /* CreditApplicationTableViewCell.xib */ = {isa = PBXFileReference; fileEncoding = 4; lastKnownFileType = file.xib; path = CreditApplicationTableViewCell.xib; sourceTree = "<group>"; };
		77CBD6171C56B62100CD377B /* CreditApplicationApproved.swift */ = {isa = PBXFileReference; fileEncoding = 4; lastKnownFileType = sourcecode.swift; path = CreditApplicationApproved.swift; sourceTree = "<group>"; };
		77CBD6191C56B7BF00CD377B /* CreditApplicationDelivered.swift */ = {isa = PBXFileReference; fileEncoding = 4; lastKnownFileType = sourcecode.swift; path = CreditApplicationDelivered.swift; sourceTree = "<group>"; };
		77CBD61B1C56B8B100CD377B /* CreditApplicationLive.swift */ = {isa = PBXFileReference; fileEncoding = 4; lastKnownFileType = sourcecode.swift; path = CreditApplicationLive.swift; sourceTree = "<group>"; };
		77CBD61D1C56B96300CD377B /* CreditApplicationCanceled.swift */ = {isa = PBXFileReference; fileEncoding = 4; lastKnownFileType = sourcecode.swift; path = CreditApplicationCanceled.swift; sourceTree = "<group>"; };
		77CBD61F1C56CC1500CD377B /* CreditApplicationDeclined.swift */ = {isa = PBXFileReference; fileEncoding = 4; lastKnownFileType = sourcecode.swift; path = CreditApplicationDeclined.swift; sourceTree = "<group>"; };
		77CBD6211C56CC5200CD377B /* CreditApplicationDeclined.xib */ = {isa = PBXFileReference; fileEncoding = 4; lastKnownFileType = file.xib; path = CreditApplicationDeclined.xib; sourceTree = "<group>"; };
		82B944991C4F39780017A60B /* Myles.app */ = {isa = PBXFileReference; explicitFileType = wrapper.application; includeInIndex = 0; path = Myles.app; sourceTree = BUILT_PRODUCTS_DIR; };
		82B9449C1C4F39780017A60B /* AppDelegate.swift */ = {isa = PBXFileReference; lastKnownFileType = sourcecode.swift; path = AppDelegate.swift; sourceTree = "<group>"; };
		82B944A11C4F39780017A60B /* Base */ = {isa = PBXFileReference; lastKnownFileType = file.storyboard; name = Base; path = Base.lproj/Main.storyboard; sourceTree = "<group>"; };
		82B944A31C4F39780017A60B /* Assets.xcassets */ = {isa = PBXFileReference; lastKnownFileType = folder.assetcatalog; path = Assets.xcassets; sourceTree = "<group>"; };
		82B944A61C4F39780017A60B /* Base */ = {isa = PBXFileReference; lastKnownFileType = file.storyboard; name = Base; path = Base.lproj/LaunchScreen.storyboard; sourceTree = "<group>"; };
		82B944A81C4F39780017A60B /* Info.plist */ = {isa = PBXFileReference; lastKnownFileType = text.plist.xml; path = Info.plist; sourceTree = "<group>"; };
		82B944AD1C4F39780017A60B /* MylesTests.xctest */ = {isa = PBXFileReference; explicitFileType = wrapper.cfbundle; includeInIndex = 0; path = MylesTests.xctest; sourceTree = BUILT_PRODUCTS_DIR; };
		82B944B11C4F39780017A60B /* MylesTests.swift */ = {isa = PBXFileReference; lastKnownFileType = sourcecode.swift; path = MylesTests.swift; sourceTree = "<group>"; };
		82B944B31C4F39780017A60B /* Info.plist */ = {isa = PBXFileReference; lastKnownFileType = text.plist.xml; path = Info.plist; sourceTree = "<group>"; };
		82B944B81C4F39780017A60B /* MylesUITests.xctest */ = {isa = PBXFileReference; explicitFileType = wrapper.cfbundle; includeInIndex = 0; path = MylesUITests.xctest; sourceTree = BUILT_PRODUCTS_DIR; };
		82B944BC1C4F39780017A60B /* MylesUITests.swift */ = {isa = PBXFileReference; lastKnownFileType = sourcecode.swift; path = MylesUITests.swift; sourceTree = "<group>"; };
		82B944BE1C4F39780017A60B /* Info.plist */ = {isa = PBXFileReference; lastKnownFileType = text.plist.xml; path = Info.plist; sourceTree = "<group>"; };
		82C20D011C6A61AF004EC138 /* ChunkyButton.swift */ = {isa = PBXFileReference; fileEncoding = 4; lastKnownFileType = sourcecode.swift; path = ChunkyButton.swift; sourceTree = "<group>"; };
		82C20D031C6A623E004EC138 /* Colors.swift */ = {isa = PBXFileReference; fileEncoding = 4; lastKnownFileType = sourcecode.swift; path = Colors.swift; sourceTree = "<group>"; };
		82C20D081C6A679D004EC138 /* Info.plist */ = {isa = PBXFileReference; fileEncoding = 4; lastKnownFileType = text.plist.xml; path = Info.plist; sourceTree = "<group>"; };
		82C20D091C6A679D004EC138 /* SimpleButton.h */ = {isa = PBXFileReference; fileEncoding = 4; lastKnownFileType = sourcecode.c.h; path = SimpleButton.h; sourceTree = "<group>"; };
		82C20D0A1C6A679D004EC138 /* SimpleButton.swift */ = {isa = PBXFileReference; fileEncoding = 4; lastKnownFileType = sourcecode.swift; path = SimpleButton.swift; sourceTree = "<group>"; };
		82C20D0B1C6A679D004EC138 /* SimpleButtonControlState.swift */ = {isa = PBXFileReference; fileEncoding = 4; lastKnownFileType = sourcecode.swift; path = SimpleButtonControlState.swift; sourceTree = "<group>"; };
		82C20D0C1C6A679D004EC138 /* SimpleButtonStateChangeValue.swift */ = {isa = PBXFileReference; fileEncoding = 4; lastKnownFileType = sourcecode.swift; path = SimpleButtonStateChangeValue.swift; sourceTree = "<group>"; };
		82D346F61C4FFCAB00253FA1 /* Bolts.framework */ = {isa = PBXFileReference; lastKnownFileType = wrapper.framework; path = Bolts.framework; sourceTree = "<group>"; };
		82D346F71C4FFCAB00253FA1 /* Parse.framework */ = {isa = PBXFileReference; lastKnownFileType = wrapper.framework; path = Parse.framework; sourceTree = "<group>"; };
		82D346FE1C4FFCE300253FA1 /* AudioToolbox.framework */ = {isa = PBXFileReference; lastKnownFileType = wrapper.framework; name = AudioToolbox.framework; path = System/Library/Frameworks/AudioToolbox.framework; sourceTree = SDKROOT; };
		82D347001C4FFCF100253FA1 /* CFNetwork.framework */ = {isa = PBXFileReference; lastKnownFileType = wrapper.framework; name = CFNetwork.framework; path = System/Library/Frameworks/CFNetwork.framework; sourceTree = SDKROOT; };
		82D347021C4FFCF700253FA1 /* CoreGraphics.framework */ = {isa = PBXFileReference; lastKnownFileType = wrapper.framework; name = CoreGraphics.framework; path = System/Library/Frameworks/CoreGraphics.framework; sourceTree = SDKROOT; };
		82D347041C4FFCFE00253FA1 /* CoreLocation.framework */ = {isa = PBXFileReference; lastKnownFileType = wrapper.framework; name = CoreLocation.framework; path = System/Library/Frameworks/CoreLocation.framework; sourceTree = SDKROOT; };
		82D347061C4FFD0400253FA1 /* QuartzCore.framework */ = {isa = PBXFileReference; lastKnownFileType = wrapper.framework; name = QuartzCore.framework; path = System/Library/Frameworks/QuartzCore.framework; sourceTree = SDKROOT; };
		82D347081C4FFD0800253FA1 /* Security.framework */ = {isa = PBXFileReference; lastKnownFileType = wrapper.framework; name = Security.framework; path = System/Library/Frameworks/Security.framework; sourceTree = SDKROOT; };
		82D3470A1C4FFD1000253FA1 /* StoreKit.framework */ = {isa = PBXFileReference; lastKnownFileType = wrapper.framework; name = StoreKit.framework; path = System/Library/Frameworks/StoreKit.framework; sourceTree = SDKROOT; };
		82D3470C1C4FFD1800253FA1 /* SystemConfiguration.framework */ = {isa = PBXFileReference; lastKnownFileType = wrapper.framework; name = SystemConfiguration.framework; path = System/Library/Frameworks/SystemConfiguration.framework; sourceTree = SDKROOT; };
		82D3470E1C4FFD2000253FA1 /* libz.tbd */ = {isa = PBXFileReference; lastKnownFileType = "sourcecode.text-based-dylib-definition"; name = libz.tbd; path = usr/lib/libz.tbd; sourceTree = SDKROOT; };
		82D347101C4FFD2B00253FA1 /* libsqlite3.tbd */ = {isa = PBXFileReference; lastKnownFileType = "sourcecode.text-based-dylib-definition"; name = libsqlite3.tbd; path = usr/lib/libsqlite3.tbd; sourceTree = SDKROOT; };
		82D347121C50004300253FA1 /* ParseUI.framework */ = {isa = PBXFileReference; lastKnownFileType = wrapper.framework; path = ParseUI.framework; sourceTree = "<group>"; };
		82D347161C50009400253FA1 /* Myles-Bridging-Header.h */ = {isa = PBXFileReference; lastKnownFileType = sourcecode.c.h; path = "Myles-Bridging-Header.h"; sourceTree = "<group>"; };
		82D347171C50009400253FA1 /* MylesTests-Bridging-Header.h */ = {isa = PBXFileReference; lastKnownFileType = sourcecode.c.h; path = "MylesTests-Bridging-Header.h"; sourceTree = "<group>"; };
		82D347181C50009400253FA1 /* MylesUITests-Bridging-Header.h */ = {isa = PBXFileReference; lastKnownFileType = sourcecode.c.h; path = "MylesUITests-Bridging-Header.h"; sourceTree = "<group>"; };
		82E7796C1C59453100C74C54 /* TimeAgo.swift */ = {isa = PBXFileReference; fileEncoding = 4; lastKnownFileType = sourcecode.swift; path = TimeAgo.swift; sourceTree = "<group>"; };
		82F1DCBC1C50024A008C7FFB /* OffersTableViewController.swift */ = {isa = PBXFileReference; fileEncoding = 4; lastKnownFileType = sourcecode.swift; path = OffersTableViewController.swift; sourceTree = "<group>"; };
		82F1DCBF1C5002E6008C7FFB /* Offer.swift */ = {isa = PBXFileReference; fileEncoding = 4; lastKnownFileType = sourcecode.swift; path = Offer.swift; sourceTree = "<group>"; };
		82F1DCC11C5003CE008C7FFB /* OfferTableViewCell.swift */ = {isa = PBXFileReference; fileEncoding = 4; lastKnownFileType = sourcecode.swift; path = OfferTableViewCell.swift; sourceTree = "<group>"; };
		82F1DCC31C501532008C7FFB /* OfferTableViewCell.xib */ = {isa = PBXFileReference; fileEncoding = 4; lastKnownFileType = file.xib; path = OfferTableViewCell.xib; sourceTree = "<group>"; };
		82F1DCC71C5023A4008C7FFB /* OfferDetailView.xib */ = {isa = PBXFileReference; fileEncoding = 4; lastKnownFileType = file.xib; name = OfferDetailView.xib; path = ../OfferDetailView.xib; sourceTree = "<group>"; };
		82F1DCCB1C50240F008C7FFB /* OfferDetailViewController.swift */ = {isa = PBXFileReference; fileEncoding = 4; lastKnownFileType = sourcecode.swift; name = OfferDetailViewController.swift; path = ../OfferDetailViewController.swift; sourceTree = "<group>"; };
		82F1DCCF1C505935008C7FFB /* MylesTableViewController.swift */ = {isa = PBXFileReference; fileEncoding = 4; lastKnownFileType = sourcecode.swift; path = MylesTableViewController.swift; sourceTree = "<group>"; };
		82F1DCD11C505ABE008C7FFB /* ProfileTableViewController.swift */ = {isa = PBXFileReference; fileEncoding = 4; lastKnownFileType = sourcecode.swift; path = ProfileTableViewController.swift; sourceTree = "<group>"; };
		82F1DCD31C505AE2008C7FFB /* CreditApplicationsTableViewController.swift */ = {isa = PBXFileReference; fileEncoding = 4; lastKnownFileType = sourcecode.swift; name = CreditApplicationsTableViewController.swift; path = ../CreditApplicationsTableViewController.swift; sourceTree = "<group>"; };
		82F1DCD51C505F45008C7FFB /* CreditApplicationDetailViewController.swift */ = {isa = PBXFileReference; fileEncoding = 4; lastKnownFileType = sourcecode.swift; path = CreditApplicationDetailViewController.swift; sourceTree = "<group>"; };
		82F1DCD71C505FB7008C7FFB /* CreditApplicationDetailView.xib */ = {isa = PBXFileReference; fileEncoding = 4; lastKnownFileType = file.xib; path = CreditApplicationDetailView.xib; sourceTree = "<group>"; };
/* End PBXFileReference section */

/* Begin PBXFrameworksBuildPhase section */
		82B944961C4F39780017A60B /* Frameworks */ = {
			isa = PBXFrameworksBuildPhase;
			buildActionMask = 2147483647;
			files = (
				82D347111C4FFD2B00253FA1 /* libsqlite3.tbd in Frameworks */,
				82D3470F1C4FFD2000253FA1 /* libz.tbd in Frameworks */,
				82D3470D1C4FFD1800253FA1 /* SystemConfiguration.framework in Frameworks */,
				82D3470B1C4FFD1000253FA1 /* StoreKit.framework in Frameworks */,
				82D347091C4FFD0800253FA1 /* Security.framework in Frameworks */,
				82D347071C4FFD0400253FA1 /* QuartzCore.framework in Frameworks */,
				82D347051C4FFCFE00253FA1 /* CoreLocation.framework in Frameworks */,
				82D347031C4FFCF700253FA1 /* CoreGraphics.framework in Frameworks */,
				82D347011C4FFCF100253FA1 /* CFNetwork.framework in Frameworks */,
				82D346FF1C4FFCE300253FA1 /* AudioToolbox.framework in Frameworks */,
				82D346FB1C4FFCAB00253FA1 /* Parse.framework in Frameworks */,
				82D346F81C4FFCAB00253FA1 /* Bolts.framework in Frameworks */,
				82D347131C50004300253FA1 /* ParseUI.framework in Frameworks */,
			);
			runOnlyForDeploymentPostprocessing = 0;
		};
		82B944AA1C4F39780017A60B /* Frameworks */ = {
			isa = PBXFrameworksBuildPhase;
			buildActionMask = 2147483647;
			files = (
				82D347141C50004300253FA1 /* ParseUI.framework in Frameworks */,
				82D346FC1C4FFCAB00253FA1 /* Parse.framework in Frameworks */,
				82D346F91C4FFCAB00253FA1 /* Bolts.framework in Frameworks */,
			);
			runOnlyForDeploymentPostprocessing = 0;
		};
		82B944B51C4F39780017A60B /* Frameworks */ = {
			isa = PBXFrameworksBuildPhase;
			buildActionMask = 2147483647;
			files = (
				82D347151C50004300253FA1 /* ParseUI.framework in Frameworks */,
				82D346FD1C4FFCAB00253FA1 /* Parse.framework in Frameworks */,
				82D346FA1C4FFCAB00253FA1 /* Bolts.framework in Frameworks */,
			);
			runOnlyForDeploymentPostprocessing = 0;
		};
/* End PBXFrameworksBuildPhase section */

/* Begin PBXGroup section */
		772E90DD1C56A2C0004CF542 /* Util */ = {
			isa = PBXGroup;
			children = (
				82E7796C1C59453100C74C54 /* TimeAgo.swift */,
				82C20D031C6A623E004EC138 /* Colors.swift */,
			);
			name = Util;
			sourceTree = "<group>";
		};
		776BA2991C56AE1500AB2995 /* CreditApplicationStates */ = {
			isa = PBXGroup;
			children = (
				77CBD6171C56B62100CD377B /* CreditApplicationApproved.swift */,
				776BA29E1C56AE6A00AB2995 /* CreditApplicationApproved.xib */,
				77CBD61D1C56B96300CD377B /* CreditApplicationCanceled.swift */,
				776BA2A21C56AEC400AB2995 /* CreditApplicationCanceled.xib */,
				77CBD6191C56B7BF00CD377B /* CreditApplicationDelivered.swift */,
				776BA29C1C56AE4C00AB2995 /* CreditApplicationDelivered.xib */,
				77CBD61B1C56B8B100CD377B /* CreditApplicationLive.swift */,
				776BA2A01C56AEB100AB2995 /* CreditApplicationLive.xib */,
				776BA2A41C56AEE800AB2995 /* CreditApplicationPending.swift */,
				776BA29A1C56AE2C00AB2995 /* CreditApplicationPending.xib */,
				77CBD61F1C56CC1500CD377B /* CreditApplicationDeclined.swift */,
				77CBD6211C56CC5200CD377B /* CreditApplicationDeclined.xib */,
			);
			name = CreditApplicationStates;
			sourceTree = "<group>";
		};
		82B944901C4F39770017A60B = {
			isa = PBXGroup;
			children = (
				82D346F51C4FFC9B00253FA1 /* Frameworks */,
				82B9449B1C4F39780017A60B /* Myles */,
				82B944B01C4F39780017A60B /* MylesTests */,
				82B944BB1C4F39780017A60B /* MylesUITests */,
				82B9449A1C4F39780017A60B /* Products */,
				82D347161C50009400253FA1 /* Myles-Bridging-Header.h */,
				82D347171C50009400253FA1 /* MylesTests-Bridging-Header.h */,
				82D347181C50009400253FA1 /* MylesUITests-Bridging-Header.h */,
			);
			sourceTree = "<group>";
		};
		82B9449A1C4F39780017A60B /* Products */ = {
			isa = PBXGroup;
			children = (
				82B944991C4F39780017A60B /* Myles.app */,
				82B944AD1C4F39780017A60B /* MylesTests.xctest */,
				82B944B81C4F39780017A60B /* MylesUITests.xctest */,
			);
			name = Products;
			sourceTree = "<group>";
		};
		82B9449B1C4F39780017A60B /* Myles */ = {
			isa = PBXGroup;
			children = (
				772E90DD1C56A2C0004CF542 /* Util */,
				82F1DCBE1C5002CF008C7FFB /* Models */,
				82B9449C1C4F39780017A60B /* AppDelegate.swift */,
				82B944A01C4F39780017A60B /* Main.storyboard */,
				82F1DCCE1C505904008C7FFB /* Views */,
				82F1DCCD1C5058EE008C7FFB /* Controllers */,
				82B944A31C4F39780017A60B /* Assets.xcassets */,
				82B944A51C4F39780017A60B /* LaunchScreen.storyboard */,
				82B944A81C4F39780017A60B /* Info.plist */,
			);
			path = Myles;
			sourceTree = "<group>";
		};
		82B944B01C4F39780017A60B /* MylesTests */ = {
			isa = PBXGroup;
			children = (
				82B944B11C4F39780017A60B /* MylesTests.swift */,
				82B944B31C4F39780017A60B /* Info.plist */,
			);
			path = MylesTests;
			sourceTree = "<group>";
		};
		82B944BB1C4F39780017A60B /* MylesUITests */ = {
			isa = PBXGroup;
			children = (
				82B944BC1C4F39780017A60B /* MylesUITests.swift */,
				82B944BE1C4F39780017A60B /* Info.plist */,
			);
			path = MylesUITests;
			sourceTree = "<group>";
		};
		82C20D071C6A679D004EC138 /* SimpleButton */ = {
			isa = PBXGroup;
			children = (
				82C20D081C6A679D004EC138 /* Info.plist */,
				82C20D091C6A679D004EC138 /* SimpleButton.h */,
				82C20D0A1C6A679D004EC138 /* SimpleButton.swift */,
				82C20D0B1C6A679D004EC138 /* SimpleButtonControlState.swift */,
				82C20D0C1C6A679D004EC138 /* SimpleButtonStateChangeValue.swift */,
			);
			path = SimpleButton;
			sourceTree = "<group>";
		};
		82D346F51C4FFC9B00253FA1 /* Frameworks */ = {
			isa = PBXGroup;
			children = (
				82D347121C50004300253FA1 /* ParseUI.framework */,
				82D347101C4FFD2B00253FA1 /* libsqlite3.tbd */,
				82D3470E1C4FFD2000253FA1 /* libz.tbd */,
				82D3470C1C4FFD1800253FA1 /* SystemConfiguration.framework */,
				82D3470A1C4FFD1000253FA1 /* StoreKit.framework */,
				82D347081C4FFD0800253FA1 /* Security.framework */,
				82D347061C4FFD0400253FA1 /* QuartzCore.framework */,
				82D347041C4FFCFE00253FA1 /* CoreLocation.framework */,
				82D347021C4FFCF700253FA1 /* CoreGraphics.framework */,
				82D347001C4FFCF100253FA1 /* CFNetwork.framework */,
				82D346FE1C4FFCE300253FA1 /* AudioToolbox.framework */,
				82D346F61C4FFCAB00253FA1 /* Bolts.framework */,
				82D346F71C4FFCAB00253FA1 /* Parse.framework */,
			);
			name = Frameworks;
			sourceTree = "<group>";
		};
		82F1DCBE1C5002CF008C7FFB /* Models */ = {
			isa = PBXGroup;
			children = (
				82F1DCBF1C5002E6008C7FFB /* Offer.swift */,
				77B9DE621C5008AB00D2F174 /* CreditApplication.swift */,
			);
			name = Models;
			sourceTree = "<group>";
		};
		82F1DCCD1C5058EE008C7FFB /* Controllers */ = {
			isa = PBXGroup;
			children = (
				82F1DCD51C505F45008C7FFB /* CreditApplicationDetailViewController.swift */,
				82F1DCD31C505AE2008C7FFB /* CreditApplicationsTableViewController.swift */,
				82F1DCCF1C505935008C7FFB /* MylesTableViewController.swift */,
				82F1DCCB1C50240F008C7FFB /* OfferDetailViewController.swift */,
				82F1DCBC1C50024A008C7FFB /* OffersTableViewController.swift */,
				82F1DCD11C505ABE008C7FFB /* ProfileTableViewController.swift */,
				77765E831C595653006C4FBF /* LoadingViewController.swift */,
			);
			name = Controllers;
			sourceTree = "<group>";
		};
		82F1DCCE1C505904008C7FFB /* Views */ = {
			isa = PBXGroup;
			children = (
				82C20D071C6A679D004EC138 /* SimpleButton */,
				82C20D011C6A61AF004EC138 /* ChunkyButton.swift */,
				82F1DCD71C505FB7008C7FFB /* CreditApplicationDetailView.xib */,
				776BA2991C56AE1500AB2995 /* CreditApplicationStates */,
				77B9DE641C50093A00D2F174 /* CreditApplicationTableViewCell.swift */,
				77B9DE661C50194A00D2F174 /* CreditApplicationTableViewCell.xib */,
				82F1DCC71C5023A4008C7FFB /* OfferDetailView.xib */,
				82F1DCC11C5003CE008C7FFB /* OfferTableViewCell.swift */,
				82F1DCC31C501532008C7FFB /* OfferTableViewCell.xib */,
				77765E811C59560F006C4FBF /* LoadingView.xib */,
			);
			name = Views;
			sourceTree = "<group>";
		};
/* End PBXGroup section */

/* Begin PBXNativeTarget section */
		82B944981C4F39780017A60B /* Myles */ = {
			isa = PBXNativeTarget;
			buildConfigurationList = 82B944C11C4F39780017A60B /* Build configuration list for PBXNativeTarget "Myles" */;
			buildPhases = (
				82B944951C4F39780017A60B /* Sources */,
				82B944961C4F39780017A60B /* Frameworks */,
				82B944971C4F39780017A60B /* Resources */,
			);
			buildRules = (
			);
			dependencies = (
			);
			name = Myles;
			productName = Myles;
			productReference = 82B944991C4F39780017A60B /* Myles.app */;
			productType = "com.apple.product-type.application";
		};
		82B944AC1C4F39780017A60B /* MylesTests */ = {
			isa = PBXNativeTarget;
			buildConfigurationList = 82B944C41C4F39780017A60B /* Build configuration list for PBXNativeTarget "MylesTests" */;
			buildPhases = (
				82B944A91C4F39780017A60B /* Sources */,
				82B944AA1C4F39780017A60B /* Frameworks */,
				82B944AB1C4F39780017A60B /* Resources */,
			);
			buildRules = (
			);
			dependencies = (
				82B944AF1C4F39780017A60B /* PBXTargetDependency */,
			);
			name = MylesTests;
			productName = MylesTests;
			productReference = 82B944AD1C4F39780017A60B /* MylesTests.xctest */;
			productType = "com.apple.product-type.bundle.unit-test";
		};
		82B944B71C4F39780017A60B /* MylesUITests */ = {
			isa = PBXNativeTarget;
			buildConfigurationList = 82B944C71C4F39780017A60B /* Build configuration list for PBXNativeTarget "MylesUITests" */;
			buildPhases = (
				82B944B41C4F39780017A60B /* Sources */,
				82B944B51C4F39780017A60B /* Frameworks */,
				82B944B61C4F39780017A60B /* Resources */,
			);
			buildRules = (
			);
			dependencies = (
				82B944BA1C4F39780017A60B /* PBXTargetDependency */,
			);
			name = MylesUITests;
			productName = MylesUITests;
			productReference = 82B944B81C4F39780017A60B /* MylesUITests.xctest */;
			productType = "com.apple.product-type.bundle.ui-testing";
		};
/* End PBXNativeTarget section */

/* Begin PBXProject section */
		82B944911C4F39770017A60B /* Project object */ = {
			isa = PBXProject;
			attributes = {
				LastSwiftUpdateCheck = 0720;
				LastUpgradeCheck = 0720;
				ORGANIZATIONNAME = tombarr;
				TargetAttributes = {
					82B944981C4F39780017A60B = {
						CreatedOnToolsVersion = 7.2;
					};
					82B944AC1C4F39780017A60B = {
						CreatedOnToolsVersion = 7.2;
						TestTargetID = 82B944981C4F39780017A60B;
					};
					82B944B71C4F39780017A60B = {
						CreatedOnToolsVersion = 7.2;
						TestTargetID = 82B944981C4F39780017A60B;
					};
				};
			};
			buildConfigurationList = 82B944941C4F39770017A60B /* Build configuration list for PBXProject "Myles" */;
			compatibilityVersion = "Xcode 3.2";
			developmentRegion = English;
			hasScannedForEncodings = 0;
			knownRegions = (
				en,
				Base,
			);
			mainGroup = 82B944901C4F39770017A60B;
			productRefGroup = 82B9449A1C4F39780017A60B /* Products */;
			projectDirPath = "";
			projectRoot = "";
			targets = (
				82B944981C4F39780017A60B /* Myles */,
				82B944AC1C4F39780017A60B /* MylesTests */,
				82B944B71C4F39780017A60B /* MylesUITests */,
			);
		};
/* End PBXProject section */

/* Begin PBXResourcesBuildPhase section */
		82B944971C4F39780017A60B /* Resources */ = {
			isa = PBXResourcesBuildPhase;
			buildActionMask = 2147483647;
			files = (
				82F1DCC41C501532008C7FFB /* OfferTableViewCell.xib in Resources */,
				776BA29B1C56AE2C00AB2995 /* CreditApplicationPending.xib in Resources */,
				776BA29F1C56AE6A00AB2995 /* CreditApplicationApproved.xib in Resources */,
				77B9DE671C50194A00D2F174 /* CreditApplicationTableViewCell.xib in Resources */,
				82F1DCC81C5023A4008C7FFB /* OfferDetailView.xib in Resources */,
				82B944A71C4F39780017A60B /* LaunchScreen.storyboard in Resources */,
				82C20D0D1C6A679D004EC138 /* Info.plist in Resources */,
				776BA29D1C56AE4C00AB2995 /* CreditApplicationDelivered.xib in Resources */,
				82B944A41C4F39780017A60B /* Assets.xcassets in Resources */,
				776BA2A31C56AEC400AB2995 /* CreditApplicationCanceled.xib in Resources */,
				77CBD6221C56CC5200CD377B /* CreditApplicationDeclined.xib in Resources */,
				82F1DCD81C505FB7008C7FFB /* CreditApplicationDetailView.xib in Resources */,
				77765E821C59560F006C4FBF /* LoadingView.xib in Resources */,
				82B944A21C4F39780017A60B /* Main.storyboard in Resources */,
				776BA2A11C56AEB100AB2995 /* CreditApplicationLive.xib in Resources */,
			);
			runOnlyForDeploymentPostprocessing = 0;
		};
		82B944AB1C4F39780017A60B /* Resources */ = {
			isa = PBXResourcesBuildPhase;
			buildActionMask = 2147483647;
			files = (
			);
			runOnlyForDeploymentPostprocessing = 0;
		};
		82B944B61C4F39780017A60B /* Resources */ = {
			isa = PBXResourcesBuildPhase;
			buildActionMask = 2147483647;
			files = (
			);
			runOnlyForDeploymentPostprocessing = 0;
		};
/* End PBXResourcesBuildPhase section */

/* Begin PBXSourcesBuildPhase section */
		82B944951C4F39780017A60B /* Sources */ = {
			isa = PBXSourcesBuildPhase;
			buildActionMask = 2147483647;
			files = (
				776BA2A51C56AEE800AB2995 /* CreditApplicationPending.swift in Sources */,
				82F1DCD21C505ABE008C7FFB /* ProfileTableViewController.swift in Sources */,
				77CBD61A1C56B7BF00CD377B /* CreditApplicationDelivered.swift in Sources */,
				77B9DE651C50093A00D2F174 /* CreditApplicationTableViewCell.swift in Sources */,
				82C20D0F1C6A679D004EC138 /* SimpleButtonControlState.swift in Sources */,
				82F1DCC01C5002E6008C7FFB /* Offer.swift in Sources */,
				82C20D0E1C6A679D004EC138 /* SimpleButton.swift in Sources */,
				77CBD6201C56CC1500CD377B /* CreditApplicationDeclined.swift in Sources */,
				77CBD61C1C56B8B200CD377B /* CreditApplicationLive.swift in Sources */,
				77765E841C595653006C4FBF /* LoadingViewController.swift in Sources */,
				82F1DCD61C505F45008C7FFB /* CreditApplicationDetailViewController.swift in Sources */,
				82E7796D1C59453100C74C54 /* TimeAgo.swift in Sources */,
				82F1DCC21C5003CE008C7FFB /* OfferTableViewCell.swift in Sources */,
				82C20D041C6A623E004EC138 /* Colors.swift in Sources */,
				82B9449D1C4F39780017A60B /* AppDelegate.swift in Sources */,
				82F1DCD41C505AE2008C7FFB /* CreditApplicationsTableViewController.swift in Sources */,
				77CBD6181C56B62100CD377B /* CreditApplicationApproved.swift in Sources */,
				82F1DCBD1C50024A008C7FFB /* OffersTableViewController.swift in Sources */,
				82C20D021C6A61AF004EC138 /* ChunkyButton.swift in Sources */,
				82C20D101C6A679D004EC138 /* SimpleButtonStateChangeValue.swift in Sources */,
				82F1DCD01C505935008C7FFB /* MylesTableViewController.swift in Sources */,
				82F1DCCC1C50240F008C7FFB /* OfferDetailViewController.swift in Sources */,
				77CBD61E1C56B96300CD377B /* CreditApplicationCanceled.swift in Sources */,
				77B9DE631C5008AB00D2F174 /* CreditApplication.swift in Sources */,
			);
			runOnlyForDeploymentPostprocessing = 0;
		};
		82B944A91C4F39780017A60B /* Sources */ = {
			isa = PBXSourcesBuildPhase;
			buildActionMask = 2147483647;
			files = (
				82B944B21C4F39780017A60B /* MylesTests.swift in Sources */,
			);
			runOnlyForDeploymentPostprocessing = 0;
		};
		82B944B41C4F39780017A60B /* Sources */ = {
			isa = PBXSourcesBuildPhase;
			buildActionMask = 2147483647;
			files = (
				82B944BD1C4F39780017A60B /* MylesUITests.swift in Sources */,
			);
			runOnlyForDeploymentPostprocessing = 0;
		};
/* End PBXSourcesBuildPhase section */

/* Begin PBXTargetDependency section */
		82B944AF1C4F39780017A60B /* PBXTargetDependency */ = {
			isa = PBXTargetDependency;
			target = 82B944981C4F39780017A60B /* Myles */;
			targetProxy = 82B944AE1C4F39780017A60B /* PBXContainerItemProxy */;
		};
		82B944BA1C4F39780017A60B /* PBXTargetDependency */ = {
			isa = PBXTargetDependency;
			target = 82B944981C4F39780017A60B /* Myles */;
			targetProxy = 82B944B91C4F39780017A60B /* PBXContainerItemProxy */;
		};
/* End PBXTargetDependency section */

/* Begin PBXVariantGroup section */
		82B944A01C4F39780017A60B /* Main.storyboard */ = {
			isa = PBXVariantGroup;
			children = (
				82B944A11C4F39780017A60B /* Base */,
			);
			name = Main.storyboard;
			sourceTree = "<group>";
		};
		82B944A51C4F39780017A60B /* LaunchScreen.storyboard */ = {
			isa = PBXVariantGroup;
			children = (
				82B944A61C4F39780017A60B /* Base */,
			);
			name = LaunchScreen.storyboard;
			sourceTree = "<group>";
		};
/* End PBXVariantGroup section */

/* Begin XCBuildConfiguration section */
		82B944BF1C4F39780017A60B /* Debug */ = {
			isa = XCBuildConfiguration;
			buildSettings = {
				ALWAYS_SEARCH_USER_PATHS = NO;
				CLANG_CXX_LANGUAGE_STANDARD = "gnu++0x";
				CLANG_CXX_LIBRARY = "libc++";
				CLANG_ENABLE_MODULES = YES;
				CLANG_ENABLE_OBJC_ARC = YES;
				CLANG_WARN_BOOL_CONVERSION = YES;
				CLANG_WARN_CONSTANT_CONVERSION = YES;
				CLANG_WARN_DIRECT_OBJC_ISA_USAGE = YES_ERROR;
				CLANG_WARN_EMPTY_BODY = YES;
				CLANG_WARN_ENUM_CONVERSION = YES;
				CLANG_WARN_INT_CONVERSION = YES;
				CLANG_WARN_OBJC_ROOT_CLASS = YES_ERROR;
				CLANG_WARN_UNREACHABLE_CODE = YES;
				CLANG_WARN__DUPLICATE_METHOD_MATCH = YES;
				"CODE_SIGN_IDENTITY[sdk=iphoneos*]" = "iPhone Developer";
				COPY_PHASE_STRIP = NO;
				DEBUG_INFORMATION_FORMAT = dwarf;
				ENABLE_STRICT_OBJC_MSGSEND = YES;
				ENABLE_TESTABILITY = YES;
				GCC_C_LANGUAGE_STANDARD = gnu99;
				GCC_DYNAMIC_NO_PIC = NO;
				GCC_NO_COMMON_BLOCKS = YES;
				GCC_OPTIMIZATION_LEVEL = 0;
				GCC_PREPROCESSOR_DEFINITIONS = (
					"DEBUG=1",
					"$(inherited)",
				);
				GCC_WARN_64_TO_32_BIT_CONVERSION = YES;
				GCC_WARN_ABOUT_RETURN_TYPE = YES_ERROR;
				GCC_WARN_UNDECLARED_SELECTOR = YES;
				GCC_WARN_UNINITIALIZED_AUTOS = YES_AGGRESSIVE;
				GCC_WARN_UNUSED_FUNCTION = YES;
				GCC_WARN_UNUSED_VARIABLE = YES;
				IPHONEOS_DEPLOYMENT_TARGET = 9.2;
				MTL_ENABLE_DEBUG_INFO = YES;
				ONLY_ACTIVE_ARCH = YES;
				SDKROOT = iphoneos;
				SWIFT_OPTIMIZATION_LEVEL = "-Onone";
			};
			name = Debug;
		};
		82B944C01C4F39780017A60B /* Release */ = {
			isa = XCBuildConfiguration;
			buildSettings = {
				ALWAYS_SEARCH_USER_PATHS = NO;
				CLANG_CXX_LANGUAGE_STANDARD = "gnu++0x";
				CLANG_CXX_LIBRARY = "libc++";
				CLANG_ENABLE_MODULES = YES;
				CLANG_ENABLE_OBJC_ARC = YES;
				CLANG_WARN_BOOL_CONVERSION = YES;
				CLANG_WARN_CONSTANT_CONVERSION = YES;
				CLANG_WARN_DIRECT_OBJC_ISA_USAGE = YES_ERROR;
				CLANG_WARN_EMPTY_BODY = YES;
				CLANG_WARN_ENUM_CONVERSION = YES;
				CLANG_WARN_INT_CONVERSION = YES;
				CLANG_WARN_OBJC_ROOT_CLASS = YES_ERROR;
				CLANG_WARN_UNREACHABLE_CODE = YES;
				CLANG_WARN__DUPLICATE_METHOD_MATCH = YES;
				"CODE_SIGN_IDENTITY[sdk=iphoneos*]" = "iPhone Developer";
				COPY_PHASE_STRIP = NO;
				DEBUG_INFORMATION_FORMAT = "dwarf-with-dsym";
				ENABLE_NS_ASSERTIONS = NO;
				ENABLE_STRICT_OBJC_MSGSEND = YES;
				GCC_C_LANGUAGE_STANDARD = gnu99;
				GCC_NO_COMMON_BLOCKS = YES;
				GCC_WARN_64_TO_32_BIT_CONVERSION = YES;
				GCC_WARN_ABOUT_RETURN_TYPE = YES_ERROR;
				GCC_WARN_UNDECLARED_SELECTOR = YES;
				GCC_WARN_UNINITIALIZED_AUTOS = YES_AGGRESSIVE;
				GCC_WARN_UNUSED_FUNCTION = YES;
				GCC_WARN_UNUSED_VARIABLE = YES;
				IPHONEOS_DEPLOYMENT_TARGET = 9.2;
				MTL_ENABLE_DEBUG_INFO = NO;
				SDKROOT = iphoneos;
				VALIDATE_PRODUCT = YES;
			};
			name = Release;
		};
		82B944C21C4F39780017A60B /* Debug */ = {
			isa = XCBuildConfiguration;
			buildSettings = {
				ASSETCATALOG_COMPILER_APPICON_NAME = AppIcon;
				CLANG_ENABLE_MODULES = YES;
				FRAMEWORK_SEARCH_PATHS = (
					"$(inherited)",
					"$(PROJECT_DIR)",
				);
				INFOPLIST_FILE = Myles/Info.plist;
				LD_RUNPATH_SEARCH_PATHS = "$(inherited) @executable_path/Frameworks";
				PRODUCT_BUNDLE_IDENTIFIER = com.tombarr.Myles;
				PRODUCT_NAME = "$(TARGET_NAME)";
				SWIFT_OBJC_BRIDGING_HEADER = "Myles-Bridging-Header.h";
				SWIFT_OPTIMIZATION_LEVEL = "-Onone";
			};
			name = Debug;
		};
		82B944C31C4F39780017A60B /* Release */ = {
			isa = XCBuildConfiguration;
			buildSettings = {
				ASSETCATALOG_COMPILER_APPICON_NAME = AppIcon;
				CLANG_ENABLE_MODULES = YES;
				FRAMEWORK_SEARCH_PATHS = (
					"$(inherited)",
					"$(PROJECT_DIR)",
				);
				INFOPLIST_FILE = Myles/Info.plist;
				LD_RUNPATH_SEARCH_PATHS = "$(inherited) @executable_path/Frameworks";
				PRODUCT_BUNDLE_IDENTIFIER = com.tombarr.Myles;
				PRODUCT_NAME = "$(TARGET_NAME)";
				SWIFT_OBJC_BRIDGING_HEADER = "Myles-Bridging-Header.h";
			};
			name = Release;
		};
		82B944C51C4F39780017A60B /* Debug */ = {
			isa = XCBuildConfiguration;
			buildSettings = {
				BUNDLE_LOADER = "$(TEST_HOST)";
				CLANG_ENABLE_MODULES = YES;
				FRAMEWORK_SEARCH_PATHS = (
					"$(inherited)",
					"$(PROJECT_DIR)",
				);
				INFOPLIST_FILE = MylesTests/Info.plist;
				LD_RUNPATH_SEARCH_PATHS = "$(inherited) @executable_path/Frameworks @loader_path/Frameworks";
				PRODUCT_BUNDLE_IDENTIFIER = com.tombarr.MylesTests;
				PRODUCT_NAME = "$(TARGET_NAME)";
				SWIFT_OBJC_BRIDGING_HEADER = "MylesTests-Bridging-Header.h";
				SWIFT_OPTIMIZATION_LEVEL = "-Onone";
				TEST_HOST = "$(BUILT_PRODUCTS_DIR)/Myles.app/Myles";
			};
			name = Debug;
		};
		82B944C61C4F39780017A60B /* Release */ = {
			isa = XCBuildConfiguration;
			buildSettings = {
				BUNDLE_LOADER = "$(TEST_HOST)";
				CLANG_ENABLE_MODULES = YES;
				FRAMEWORK_SEARCH_PATHS = (
					"$(inherited)",
					"$(PROJECT_DIR)",
				);
				INFOPLIST_FILE = MylesTests/Info.plist;
				LD_RUNPATH_SEARCH_PATHS = "$(inherited) @executable_path/Frameworks @loader_path/Frameworks";
				PRODUCT_BUNDLE_IDENTIFIER = com.tombarr.MylesTests;
				PRODUCT_NAME = "$(TARGET_NAME)";
				SWIFT_OBJC_BRIDGING_HEADER = "MylesTests-Bridging-Header.h";
				TEST_HOST = "$(BUILT_PRODUCTS_DIR)/Myles.app/Myles";
			};
			name = Release;
		};
		82B944C81C4F39780017A60B /* Debug */ = {
			isa = XCBuildConfiguration;
			buildSettings = {
				CLANG_ENABLE_MODULES = YES;
				FRAMEWORK_SEARCH_PATHS = (
					"$(inherited)",
					"$(PROJECT_DIR)",
				);
				INFOPLIST_FILE = MylesUITests/Info.plist;
				LD_RUNPATH_SEARCH_PATHS = "$(inherited) @executable_path/Frameworks @loader_path/Frameworks";
				PRODUCT_BUNDLE_IDENTIFIER = com.tombarr.MylesUITests;
				PRODUCT_NAME = "$(TARGET_NAME)";
				SWIFT_OBJC_BRIDGING_HEADER = "MylesUITests-Bridging-Header.h";
				SWIFT_OPTIMIZATION_LEVEL = "-Onone";
				TEST_TARGET_NAME = Myles;
				USES_XCTRUNNER = YES;
			};
			name = Debug;
		};
		82B944C91C4F39780017A60B /* Release */ = {
			isa = XCBuildConfiguration;
			buildSettings = {
				CLANG_ENABLE_MODULES = YES;
				FRAMEWORK_SEARCH_PATHS = (
					"$(inherited)",
					"$(PROJECT_DIR)",
				);
				INFOPLIST_FILE = MylesUITests/Info.plist;
				LD_RUNPATH_SEARCH_PATHS = "$(inherited) @executable_path/Frameworks @loader_path/Frameworks";
				PRODUCT_BUNDLE_IDENTIFIER = com.tombarr.MylesUITests;
				PRODUCT_NAME = "$(TARGET_NAME)";
				SWIFT_OBJC_BRIDGING_HEADER = "MylesUITests-Bridging-Header.h";
				TEST_TARGET_NAME = Myles;
				USES_XCTRUNNER = YES;
			};
			name = Release;
		};
/* End XCBuildConfiguration section */

/* Begin XCConfigurationList section */
		82B944941C4F39770017A60B /* Build configuration list for PBXProject "Myles" */ = {
			isa = XCConfigurationList;
			buildConfigurations = (
				82B944BF1C4F39780017A60B /* Debug */,
				82B944C01C4F39780017A60B /* Release */,
			);
			defaultConfigurationIsVisible = 0;
			defaultConfigurationName = Release;
		};
		82B944C11C4F39780017A60B /* Build configuration list for PBXNativeTarget "Myles" */ = {
			isa = XCConfigurationList;
			buildConfigurations = (
				82B944C21C4F39780017A60B /* Debug */,
				82B944C31C4F39780017A60B /* Release */,
			);
			defaultConfigurationIsVisible = 0;
			defaultConfigurationName = Release;
		};
		82B944C41C4F39780017A60B /* Build configuration list for PBXNativeTarget "MylesTests" */ = {
			isa = XCConfigurationList;
			buildConfigurations = (
				82B944C51C4F39780017A60B /* Debug */,
				82B944C61C4F39780017A60B /* Release */,
			);
			defaultConfigurationIsVisible = 0;
			defaultConfigurationName = Release;
		};
		82B944C71C4F39780017A60B /* Build configuration list for PBXNativeTarget "MylesUITests" */ = {
			isa = XCConfigurationList;
			buildConfigurations = (
				82B944C81C4F39780017A60B /* Debug */,
				82B944C91C4F39780017A60B /* Release */,
			);
			defaultConfigurationIsVisible = 0;
			defaultConfigurationName = Release;
		};
/* End XCConfigurationList section */
	};
	rootObject = 82B944911C4F39770017A60B /* Project object */;
}
